
Microsoft Visual Studio Solution File, Format Version 12.00
# Visual Studio 15
Project("{FAE04EC0-301F-11D3-BF4B-00C04F79EFBC}") = "DrivelessCar", "DrivelessCar\DrivelessCar.csproj", "{16885D58-DF3B-4405-B5D7-257517C36E88}"
EndProject
Global
	GlobalSection(SolutionConfigurationPlatforms) = preSolution
		Debug|Any CPU = Debug|Any CPU
		Release|Any CPU = Release|Any CPU
	EndGlobalSection
	GlobalSection(ProjectConfigurationPlatforms) = postSolution
		{16885D58-DF3B-4405-B5D7-257517C36E88}.Debug|Any CPU.ActiveCfg = Debug|Any CPU
		{16885D58-DF3B-4405-B5D7-257517C36E88}.Debug|Any CPU.Build.0 = Debug|Any CPU
		{16885D58-DF3B-4405-B5D7-257517C36E88}.Release|Any CPU.ActiveCfg = Release|Any CPU
		{16885D58-DF3B-4405-B5D7-257517C36E88}.Release|Any CPU.Build.0 = Release|Any CPU
	EndGlobalSection
EndGlobal
